{
  "name": "lesson-1-duplicate",
  "lockfileVersion": 3,
  "requires": true,
  "packages": {
    "": {
      "dependencies": {
        "browser-image-compression": "^2.0.2",
        "lodash": "^4.17.21",
        "scrollmagic": "^2.0.8"
      }
    },
    "node_modules/browser-image-compression": {
      "version": "2.0.2",
      "resolved": "https://registry.npmjs.org/browser-image-compression/-/browser-image-compression-2.0.2.tgz",
      "integrity": "sha512-pBLlQyUf6yB8SmmngrcOw3EoS4RpQ1BcylI3T9Yqn7+4nrQTXJD4sJDe5ODnJdrvNMaio5OicFo75rDyJD2Ucw==",
      "dependencies": {
        "uzip": "0.20201231.0"
      }
    },
    "node_modules/lodash": {
      "version": "4.17.21",
      "resolved": "https://registry.npmjs.org/lodash/-/lodash-4.17.21.tgz",
      "integrity": "sha512-v2kDEe57lecTulaDIuNTPy3Ry4gLGJ6Z1O3vE1krgXZNrsQ+LFTGHVxVjcXPs17LhbZVGedAJv8XZ1tvj5FvSg==",
      "license": "MIT"
    },
    "node_modules/scrollmagic": {
      "version": "2.0.8",
      "resolved": "https://registry.npmjs.org/scrollmagic/-/scrollmagic-2.0.8.tgz",
      "integrity": "sha512-UYXEGBPVLziovXl3FjHGkY9c4UXKUKopIdXwWR2JapWxCo0U345wYegi7rcsv5vHf/ktc1bSNWy4QRFiV+Yccw==",
      "license": "(MIT OR GPL-3.0+)",
      "engines": {
        "node": ">=0.10.x"
      }
    },
    "node_modules/uzip": {
      "version": "0.20201231.0",
      "resolved": "https://registry.npmjs.org/uzip/-/uzip-0.20201231.0.tgz",
      "integrity": "sha512-OZeJfZP+R0z9D6TmBgLq2LHzSSptGMGDGigGiEe0pr8UBe/7fdflgHlHBNDASTXB5jnFuxHpNaJywSg8YFeGng=="
    }
  }
}
